
Microsoft Visual Studio Solution File, Format Version 12.00
# Visual Studio Version 17
VisualStudioVersion = 17.3.32901.215
MinimumVisualStudioVersion = 10.0.40219.1
Project("{FAE04EC0-301F-11D3-BF4B-00C04F79EFBC}") = "LostAndFound-API", "LostAndFound-API.csproj", "{7561B1F9-3CCB-427A-A000-C7EA10BF2A89}"
EndProject
Global
	GlobalSection(SolutionConfigurationPlatforms) = preSolution
		Debug|Any CPU = Debug|Any CPU
		Release|Any CPU = Release|Any CPU
	EndGlobalSection
	GlobalSection(ProjectConfigurationPlatforms) = postSolution
		{7561B1F9-3CCB-427A-A000-C7EA10BF2A89}.Debug|Any CPU.ActiveCfg = Debug|Any CPU
		{7561B1F9-3CCB-427A-A000-C7EA10BF2A89}.Debug|Any CPU.Build.0 = Debug|Any CPU
		{7561B1F9-3CCB-427A-A000-C7EA10BF2A89}.Release|Any CPU.ActiveCfg = Release|Any CPU
		{7561B1F9-3CCB-427A-A000-C7EA10BF2A89}.Release|Any CPU.Build.0 = Release|Any CPU
	EndGlobalSection
	GlobalSection(SolutionProperties) = preSolution
		HideSolutionNode = FALSE
	EndGlobalSection
	GlobalSection(ExtensibilityGlobals) = postSolution
		SolutionGuid = {9F5CC528-96D8-466F-9146-37C80A9AF29B}
	EndGlobalSection
EndGlobal
